{
  "version": 4,
  "terraform_version": "1.12.2",
  "serial": 51,
  "lineage": "32c9a489-8e76-592d-2782-c3c682c6b174",
  "outputs": {
    "cicd_service_account": {
      "value": "cicd-deployer-sa@cicd-pipeline-demo-494502.iam.gserviceaccount.com",
      "type": "string"
    },
    "workload_identity_sa": {
      "value": "gke-workload-sa@cicd-pipeline-demo-494502.iam.gserviceaccount.com",
      "type": "string"
    }
  },
  "resources": [
    {
      "mode": "managed",
      "type": "google_project_iam_binding",
      "name": "cicd_deploy_access",
      "provider": "provider[\"registry.terraform.io/hashicorp/google\"]",
      "instances": [
        {
          "schema_version": 0,
          "attributes": {
            "condition": [],
            "etag": "BwZQVguExGI=",
            "id": "cicd-pipeline-demo-494502/projects/cicd-pipeline-demo-494502/roles/cicd_deployer",
            "members": [
              "serviceAccount:cicd-deployer-sa@cicd-pipeline-demo-494502.iam.gserviceaccount.com"
            ],
            "project": "cicd-pipeline-demo-494502",
            "role": "projects/cicd-pipeline-demo-494502/roles/cicd_deployer"
          },
          "sensitive_attributes": [],
          "identity_schema_version": 0,
          "private": "bnVsbA==",
          "dependencies": [
            "google_project_iam_custom_role.cicd_deployer",
            "google_service_account.cicd_sa"
          ]
        }
      ]
    },
    {
      "mode": "managed",
      "type": "google_project_iam_binding",
      "name": "developer_dev_access",
      "provider": "provider[\"registry.terraform.io/hashicorp/google\"]",
      "instances": [
        {
          "schema_version": 0,
          "attributes": {
            "condition": [
              {
                "description": "",
                "expression": "request.time.getHours('UTC') \u003e= 9 \u0026\u0026 request.time.getHours('UTC') \u003c 18",
                "title": "BusinessHoursOnly"
              }
            ],
            "etag": "BwZQVgrvj0s=",
            "id": "cicd-pipeline-demo-494502/projects/cicd-pipeline-demo-494502/roles/gke_developer/BusinessHoursOnly//request.time.getHours('UTC') \u003e= 9 \u0026\u0026 request.time.getHours('UTC') \u003c 18",
            "members": [
              "user:anthagirikarunakar@gmail.com",
              "user:lokeshanthagiri2121@gmail.com",
              "user:lokeshanthagiri50@gmail.com"
            ],
            "project": "cicd-pipeline-demo-494502",
            "role": "projects/cicd-pipeline-demo-494502/roles/gke_developer"
          },
          "sensitive_attributes": [],
          "identity_schema_version": 0,
          "private": "bnVsbA==",
          "dependencies": [
            "google_project_iam_custom_role.gke_developer"
          ]
        }
      ]
    },
    {
      "mode": "managed",
      "type": "google_project_iam_binding",
      "name": "developer_viewer_access",
      "provider": "provider[\"registry.terraform.io/hashicorp/google\"]",
      "instances": [
        {
          "schema_version": 0,
          "attributes": {
            "condition": [],
            "etag": "BwZQVgrvj0s=",
            "id": "cicd-pipeline-demo-494502/projects/cicd-pipeline-demo-494502/roles/gke_viewer",
            "members": [
              "user:anthagirikarunakar@gmail.com",
              "user:lokeshanthagiri2121@gmail.com",
              "user:lokeshanthagiri50@gmail.com"
            ],
            "project": "cicd-pipeline-demo-494502",
            "role": "projects/cicd-pipeline-demo-494502/roles/gke_viewer"
          },
          "sensitive_attributes": [],
          "identity_schema_version": 0,
          "private": "bnVsbA==",
          "dependencies": [
            "google_project_iam_custom_role.gke_viewer"
          ]
        }
      ]
    },
    {
      "mode": "managed",
      "type": "google_project_iam_binding",
      "name": "devops_admin_access",
      "provider": "provider[\"registry.terraform.io/hashicorp/google\"]",
      "instances": [
        {
          "schema_version": 0,
          "attributes": {
            "condition": [],
            "etag": "BwZQVgrvj0s=",
            "id": "cicd-pipeline-demo-494502/projects/cicd-pipeline-demo-494502/roles/devops_admin",
            "members": [
              "user:anthagirilikitha01@gmail.com",
              "user:lokeshanthagiri123@gmail.com"
            ],
            "project": "cicd-pipeline-demo-494502",
            "role": "projects/cicd-pipeline-demo-494502/roles/devops_admin"
          },
          "sensitive_attributes": [],
          "identity_schema_version": 0,
          "private": "bnVsbA==",
          "dependencies": [
            "google_project_iam_custom_role.devops_admin"
          ]
        }
      ]
    },
    {
      "mode": "managed",
      "type": "google_project_iam_binding",
      "name": "qa_observer_access",
      "provider": "provider[\"registry.terraform.io/hashicorp/google\"]",
      "instances": [
        {
          "schema_version": 0,
          "attributes": {
            "condition": [],
            "etag": "BwZQVgrvj0s=",
            "id": "cicd-pipeline-demo-494502/projects/cicd-pipeline-demo-494502/roles/qa_observer",
            "members": [
              "user:lokeshanthagiri@gmail.com"
            ],
            "project": "cicd-pipeline-demo-494502",
            "role": "projects/cicd-pipeline-demo-494502/roles/qa_observer"
          },
          "sensitive_attributes": [],
          "identity_schema_version": 0,
          "private": "bnVsbA==",
          "dependencies": [
            "google_project_iam_custom_role.qa_observer"
          ]
        }
      ]
    },
    {
      "mode": "managed",
      "type": "google_project_iam_custom_role",
      "name": "cicd_deployer",
      "provider": "provider[\"registry.terraform.io/hashicorp/google\"]",
      "instances": [
        {
          "schema_version": 0,
          "attributes": {
            "deleted": false,
            "description": "Automated deployment role for CI/CD pipelines",
            "id": "projects/cicd-pipeline-demo-494502/roles/cicd_deployer",
            "name": "projects/cicd-pipeline-demo-494502/roles/cicd_deployer",
            "permissions": [
              "artifactregistry.repositories.get",
              "artifactregistry.repositories.list",
              "container.clusters.get",
              "container.clusters.list",
              "container.deployments.create",
              "container.deployments.get",
              "container.deployments.list",
              "container.deployments.update",
              "container.namespaces.get",
              "container.namespaces.list",
              "container.pods.get",
              "container.pods.list",
              "container.services.create",
              "container.services.get",
              "container.services.update",
              "storage.objects.get",
              "storage.objects.list"
            ],
            "project": "cicd-pipeline-demo-494502",
            "role_id": "cicd_deployer",
            "stage": "GA",
            "title": "CICD Deployer"
          },
          "sensitive_attributes": [],
          "identity_schema_version": 0,
          "private": "bnVsbA=="
        }
      ]
    },
    {
      "mode": "managed",
      "type": "google_project_iam_custom_role",
      "name": "devops_admin",
      "provider": "provider[\"registry.terraform.io/hashicorp/google\"]",
      "instances": [
        {
          "schema_version": 0,
          "attributes": {
            "deleted": false,
            "description": "Full access across all environments",
            "id": "projects/cicd-pipeline-demo-494502/roles/devops_admin",
            "name": "projects/cicd-pipeline-demo-494502/roles/devops_admin",
            "permissions": [
              "container.clusters.create",
              "container.clusters.delete",
              "container.clusters.get",
              "container.clusters.list",
              "container.clusters.update",
              "container.deployments.create",
              "container.deployments.delete",
              "container.deployments.get",
              "container.deployments.list",
              "container.deployments.update",
              "container.namespaces.create",
              "container.namespaces.delete",
              "container.namespaces.get",
              "container.namespaces.list",
              "container.pods.create",
              "container.pods.delete",
              "container.pods.get",
              "container.pods.list",
              "container.services.create",
              "container.services.delete",
              "container.services.get",
              "container.services.update",
              "iam.serviceAccounts.actAs",
              "logging.logEntries.list",
              "monitoring.timeSeries.list"
            ],
            "project": "cicd-pipeline-demo-494502",
            "role_id": "devops_admin",
            "stage": "GA",
            "title": "DevOps Admin"
          },
          "sensitive_attributes": [],
          "identity_schema_version": 0,
          "private": "bnVsbA=="
        }
      ]
    },
    {
      "mode": "managed",
      "type": "google_project_iam_custom_role",
      "name": "gke_developer",
      "provider": "provider[\"registry.terraform.io/hashicorp/google\"]",
      "instances": [
        {
          "schema_version": 0,
          "attributes": {
            "deleted": false,
            "description": "Deploy workloads to GKE dev environment only",
            "id": "projects/cicd-pipeline-demo-494502/roles/gke_developer",
            "name": "projects/cicd-pipeline-demo-494502/roles/gke_developer",
            "permissions": [
              "container.clusters.get",
              "container.clusters.list",
              "container.deployments.create",
              "container.deployments.get",
              "container.deployments.list",
              "container.deployments.update",
              "container.namespaces.get",
              "container.namespaces.list",
              "container.pods.create",
              "container.pods.delete",
              "container.pods.get",
              "container.pods.list",
              "container.services.create",
              "container.services.get",
              "container.services.update",
              "logging.logEntries.list"
            ],
            "project": "cicd-pipeline-demo-494502",
            "role_id": "gke_developer",
            "stage": "GA",
            "title": "GKE Developer"
          },
          "sensitive_attributes": [],
          "identity_schema_version": 0,
          "private": "bnVsbA=="
        }
      ]
    },
    {
      "mode": "managed",
      "type": "google_project_iam_custom_role",
      "name": "gke_viewer",
      "provider": "provider[\"registry.terraform.io/hashicorp/google\"]",
      "instances": [
        {
          "schema_version": 0,
          "attributes": {
            "deleted": false,
            "description": "Read-only access to GKE resources",
            "id": "projects/cicd-pipeline-demo-494502/roles/gke_viewer",
            "name": "projects/cicd-pipeline-demo-494502/roles/gke_viewer",
            "permissions": [
              "container.clusters.get",
              "container.clusters.list",
              "container.deployments.get",
              "container.deployments.list",
              "container.namespaces.get",
              "container.namespaces.list",
              "container.pods.get",
              "container.pods.list",
              "container.services.get"
            ],
            "project": "cicd-pipeline-demo-494502",
            "role_id": "gke_viewer",
            "stage": "GA",
            "title": "GKE Viewer"
          },
          "sensitive_attributes": [],
          "identity_schema_version": 0,
          "private": "bnVsbA=="
        }
      ]
    },
    {
      "mode": "managed",
      "type": "google_project_iam_custom_role",
      "name": "qa_observer",
      "provider": "provider[\"registry.terraform.io/hashicorp/google\"]",
      "instances": [
        {
          "schema_version": 0,
          "attributes": {
            "deleted": false,
            "description": "View logs and metrics only, no modify access",
            "id": "projects/cicd-pipeline-demo-494502/roles/qa_observer",
            "name": "projects/cicd-pipeline-demo-494502/roles/qa_observer",
            "permissions": [
              "logging.logEntries.list",
              "logging.logMetrics.get",
              "logging.logMetrics.list",
              "logging.logs.list",
              "monitoring.dashboards.get",
              "monitoring.dashboards.list",
              "monitoring.metricDescriptors.get",
              "monitoring.metricDescriptors.list",
              "monitoring.timeSeries.list"
            ],
            "project": "cicd-pipeline-demo-494502",
            "role_id": "qa_observer",
            "stage": "GA",
            "title": "QA Observer"
          },
          "sensitive_attributes": [],
          "identity_schema_version": 0,
          "private": "bnVsbA=="
        }
      ]
    },
    {
      "mode": "managed",
      "type": "google_service_account",
      "name": "cicd_sa",
      "provider": "provider[\"registry.terraform.io/hashicorp/google\"]",
      "instances": [
        {
          "schema_version": 0,
          "attributes": {
            "account_id": "cicd-deployer-sa",
            "create_ignore_already_exists": null,
            "description": "Used by CI/CD pipelines to deploy to GKE",
            "disabled": false,
            "display_name": "CI/CD Deployer Service Account",
            "email": "cicd-deployer-sa@cicd-pipeline-demo-494502.iam.gserviceaccount.com",
            "id": "projects/cicd-pipeline-demo-494502/serviceAccounts/cicd-deployer-sa@cicd-pipeline-demo-494502.iam.gserviceaccount.com",
            "member": "serviceAccount:cicd-deployer-sa@cicd-pipeline-demo-494502.iam.gserviceaccount.com",
            "name": "projects/cicd-pipeline-demo-494502/serviceAccounts/cicd-deployer-sa@cicd-pipeline-demo-494502.iam.gserviceaccount.com",
            "project": "cicd-pipeline-demo-494502",
            "timeouts": null,
            "unique_id": "116376489142861285304"
          },
          "sensitive_attributes": [],
          "identity_schema_version": 0,
          "private": "eyJlMmJmYjczMC1lY2FhLTExZTYtOGY4OC0zNDM2M2JjN2M0YzAiOnsiY3JlYXRlIjozMDAwMDAwMDAwMDB9fQ=="
        }
      ]
    },
    {
      "mode": "managed",
      "type": "google_service_account",
      "name": "workload_identity_sa",
      "provider": "provider[\"registry.terraform.io/hashicorp/google\"]",
      "instances": [
        {
          "schema_version": 0,
          "attributes": {
            "account_id": "gke-workload-sa",
            "create_ignore_already_exists": null,
            "description": "Bound to Kubernetes SA via Workload Identity",
            "disabled": false,
            "display_name": "GKE Workload Identity SA",
            "email": "gke-workload-sa@cicd-pipeline-demo-494502.iam.gserviceaccount.com",
            "id": "projects/cicd-pipeline-demo-494502/serviceAccounts/gke-workload-sa@cicd-pipeline-demo-494502.iam.gserviceaccount.com",
            "member": "serviceAccount:gke-workload-sa@cicd-pipeline-demo-494502.iam.gserviceaccount.com",
            "name": "projects/cicd-pipeline-demo-494502/serviceAccounts/gke-workload-sa@cicd-pipeline-demo-494502.iam.gserviceaccount.com",
            "project": "cicd-pipeline-demo-494502",
            "timeouts": null,
            "unique_id": "110660977574609950973"
          },
          "sensitive_attributes": [],
          "identity_schema_version": 0,
          "private": "eyJlMmJmYjczMC1lY2FhLTExZTYtOGY4OC0zNDM2M2JjN2M0YzAiOnsiY3JlYXRlIjozMDAwMDAwMDAwMDB9fQ=="
        }
      ]
    }
  ],
  "check_results": null
}
